// !$*UTF8*$!
{
	archiveVersion = 1;
	classes = {
	};
	objectVersion = 50;
	objects = {

/* Begin PBXBuildFile section */
		6B6CB94D24F518CD0089F3D1 /* NAvigationController_EXT.swift in Sources */ = {isa = PBXBuildFile; fileRef = 6B6CB94C24F518CD0089F3D1 /* NAvigationController_EXT.swift */; };
		6B6CB95224F55D9D0089F3D1 /* TATableView.swift in Sources */ = {isa = PBXBuildFile; fileRef = 6B6CB95124F55D9D0089F3D1 /* TATableView.swift */; };
		6B6CB95724F56FA90089F3D1 /* TAHeaderCell.swift in Sources */ = {isa = PBXBuildFile; fileRef = 6B6CB95624F56FA90089F3D1 /* TAHeaderCell.swift */; };
		6B6CB95924F582080089F3D1 /* TACell.swift in Sources */ = {isa = PBXBuildFile; fileRef = 6B6CB95824F582080089F3D1 /* TACell.swift */; };
		6B6CB95D24F58DF50089F3D1 /* TACapitalLabel.swift in Sources */ = {isa = PBXBuildFile; fileRef = 6B6CB95C24F58DF50089F3D1 /* TACapitalLabel.swift */; };
		6B6CB95F24F5BAF10089F3D1 /* expandalbe.swift in Sources */ = {isa = PBXBuildFile; fileRef = 6B6CB95E24F5BAF10089F3D1 /* expandalbe.swift */; };
		6B6EF50524F2F404006F5D5F /* AppDelegate.swift in Sources */ = {isa = PBXBuildFile; fileRef = 6B6EF50424F2F404006F5D5F /* AppDelegate.swift */; };
		6B6EF50724F2F404006F5D5F /* SceneDelegate.swift in Sources */ = {isa = PBXBuildFile; fileRef = 6B6EF50624F2F404006F5D5F /* SceneDelegate.swift */; };
		6B6EF50E24F2F405006F5D5F /* Assets.xcassets in Resources */ = {isa = PBXBuildFile; fileRef = 6B6EF50D24F2F405006F5D5F /* Assets.xcassets */; };
		6B6EF51124F2F405006F5D5F /* LaunchScreen.storyboard in Resources */ = {isa = PBXBuildFile; fileRef = 6B6EF50F24F2F405006F5D5F /* LaunchScreen.storyboard */; };
		6B6EF52424F3023D006F5D5F /* TALabel.swift in Sources */ = {isa = PBXBuildFile; fileRef = 6B6EF52324F3023D006F5D5F /* TALabel.swift */; };
		6B6EF52624F303EB006F5D5F /* FirstVC.swift in Sources */ = {isa = PBXBuildFile; fileRef = 6B6EF52524F303EB006F5D5F /* FirstVC.swift */; };
		6B6EF52924F30762006F5D5F /* TATextField.swift in Sources */ = {isa = PBXBuildFile; fileRef = 6B6EF52824F30762006F5D5F /* TATextField.swift */; };
		6B6EF52C24F308C4006F5D5F /* TextField_EXT.swift in Sources */ = {isa = PBXBuildFile; fileRef = 6B6EF52B24F308C4006F5D5F /* TextField_EXT.swift */; };
		6B6EF52F24F33C3B006F5D5F /* TAButton.swift in Sources */ = {isa = PBXBuildFile; fileRef = 6B6EF52E24F33C3B006F5D5F /* TAButton.swift */; };
		6B6EF53124F33E8B006F5D5F /* TALabel2.swift in Sources */ = {isa = PBXBuildFile; fileRef = 6B6EF53024F33E8B006F5D5F /* TALabel2.swift */; };
		6B6EF53324F42BAD006F5D5F /* SecondVC.swift in Sources */ = {isa = PBXBuildFile; fileRef = 6B6EF53224F42BAD006F5D5F /* SecondVC.swift */; };
/* End PBXBuildFile section */

/* Begin PBXFileReference section */
		6B6CB94C24F518CD0089F3D1 /* NAvigationController_EXT.swift */ = {isa = PBXFileReference; lastKnownFileType = sourcecode.swift; path = NAvigationController_EXT.swift; sourceTree = "<group>"; };
		6B6CB95124F55D9D0089F3D1 /* TATableView.swift */ = {isa = PBXFileReference; lastKnownFileType = sourcecode.swift; path = TATableView.swift; sourceTree = "<group>"; };
		6B6CB95624F56FA90089F3D1 /* TAHeaderCell.swift */ = {isa = PBXFileReference; lastKnownFileType = sourcecode.swift; path = TAHeaderCell.swift; sourceTree = "<group>"; };
		6B6CB95824F582080089F3D1 /* TACell.swift */ = {isa = PBXFileReference; lastKnownFileType = sourcecode.swift; path = TACell.swift; sourceTree = "<group>"; };
		6B6CB95C24F58DF50089F3D1 /* TACapitalLabel.swift */ = {isa = PBXFileReference; lastKnownFileType = sourcecode.swift; path = TACapitalLabel.swift; sourceTree = "<group>"; };
		6B6CB95E24F5BAF10089F3D1 /* expandalbe.swift */ = {isa = PBXFileReference; lastKnownFileType = sourcecode.swift; path = expandalbe.swift; sourceTree = "<group>"; };
		6B6EF50124F2F404006F5D5F /* test_exercise_1.app */ = {isa = PBXFileReference; explicitFileType = wrapper.application; includeInIndex = 0; path = test_exercise_1.app; sourceTree = BUILT_PRODUCTS_DIR; };
		6B6EF50424F2F404006F5D5F /* AppDelegate.swift */ = {isa = PBXFileReference; lastKnownFileType = sourcecode.swift; path = AppDelegate.swift; sourceTree = "<group>"; };
		6B6EF50624F2F404006F5D5F /* SceneDelegate.swift */ = {isa = PBXFileReference; lastKnownFileType = sourcecode.swift; path = SceneDelegate.swift; sourceTree = "<group>"; };
		6B6EF50D24F2F405006F5D5F /* Assets.xcassets */ = {isa = PBXFileReference; lastKnownFileType = folder.assetcatalog; path = Assets.xcassets; sourceTree = "<group>"; };
		6B6EF51024F2F405006F5D5F /* Base */ = {isa = PBXFileReference; lastKnownFileType = file.storyboard; name = Base; path = Base.lproj/LaunchScreen.storyboard; sourceTree = "<group>"; };
		6B6EF51224F2F405006F5D5F /* Info.plist */ = {isa = PBXFileReference; lastKnownFileType = text.plist.xml; path = Info.plist; sourceTree = "<group>"; };
		6B6EF52324F3023D006F5D5F /* TALabel.swift */ = {isa = PBXFileReference; lastKnownFileType = sourcecode.swift; path = TALabel.swift; sourceTree = "<group>"; };
		6B6EF52524F303EB006F5D5F /* FirstVC.swift */ = {isa = PBXFileReference; lastKnownFileType = sourcecode.swift; path = FirstVC.swift; sourceTree = "<group>"; };
		6B6EF52824F30762006F5D5F /* TATextField.swift */ = {isa = PBXFileReference; lastKnownFileType = sourcecode.swift; path = TATextField.swift; sourceTree = "<group>"; };
		6B6EF52B24F308C4006F5D5F /* TextField_EXT.swift */ = {isa = PBXFileReference; lastKnownFileType = sourcecode.swift; path = TextField_EXT.swift; sourceTree = "<group>"; };
		6B6EF52E24F33C3B006F5D5F /* TAButton.swift */ = {isa = PBXFileReference; lastKnownFileType = sourcecode.swift; path = TAButton.swift; sourceTree = "<group>"; };
		6B6EF53024F33E8B006F5D5F /* TALabel2.swift */ = {isa = PBXFileReference; lastKnownFileType = sourcecode.swift; path = TALabel2.swift; sourceTree = "<group>"; };
		6B6EF53224F42BAD006F5D5F /* SecondVC.swift */ = {isa = PBXFileReference; lastKnownFileType = sourcecode.swift; path = SecondVC.swift; sourceTree = "<group>"; };
/* End PBXFileReference section */

/* Begin PBXFrameworksBuildPhase section */
		6B6EF4FE24F2F404006F5D5F /* Frameworks */ = {
			isa = PBXFrameworksBuildPhase;
			buildActionMask = 2147483647;
			files = (
			);
			runOnlyForDeploymentPostprocessing = 0;
		};
/* End PBXFrameworksBuildPhase section */

/* Begin PBXGroup section */
		6B6CB94E24F55D1C0089F3D1 /* TableViews */ = {
			isa = PBXGroup;
			children = (
				6B6CB95124F55D9D0089F3D1 /* TATableView.swift */,
			);
			path = TableViews;
			sourceTree = "<group>";
		};
		6B6CB95324F561D30089F3D1 /* Cells */ = {
			isa = PBXGroup;
			children = (
				6B6CB95624F56FA90089F3D1 /* TAHeaderCell.swift */,
				6B6CB95824F582080089F3D1 /* TACell.swift */,
			);
			path = Cells;
			sourceTree = "<group>";
		};
		6B6EF4F824F2F404006F5D5F = {
			isa = PBXGroup;
			children = (
				6B6EF50324F2F404006F5D5F /* test_exercise_1 */,
				6B6EF50224F2F404006F5D5F /* Products */,
			);
			sourceTree = "<group>";
		};
		6B6EF50224F2F404006F5D5F /* Products */ = {
			isa = PBXGroup;
			children = (
				6B6EF50124F2F404006F5D5F /* test_exercise_1.app */,
			);
			name = Products;
			sourceTree = "<group>";
		};
		6B6EF50324F2F404006F5D5F /* test_exercise_1 */ = {
			isa = PBXGroup;
			children = (
				6B6EF52A24F308AB006F5D5F /* EXTENSIONS */,
				6B6EF52124F301F0006F5D5F /* CustomElements */,
				6B6EF52024F301CC006F5D5F /* Views */,
				6B6EF50424F2F404006F5D5F /* AppDelegate.swift */,
				6B6EF50624F2F404006F5D5F /* SceneDelegate.swift */,
				6B6EF50D24F2F405006F5D5F /* Assets.xcassets */,
				6B6EF50F24F2F405006F5D5F /* LaunchScreen.storyboard */,
				6B6EF51224F2F405006F5D5F /* Info.plist */,
				6B6CB95E24F5BAF10089F3D1 /* expandalbe.swift */,
			);
			path = test_exercise_1;
			sourceTree = "<group>";
		};
		6B6EF52024F301CC006F5D5F /* Views */ = {
			isa = PBXGroup;
			children = (
				6B6EF52524F303EB006F5D5F /* FirstVC.swift */,
				6B6EF53224F42BAD006F5D5F /* SecondVC.swift */,
			);
			path = Views;
			sourceTree = "<group>";
		};
		6B6EF52124F301F0006F5D5F /* CustomElements */ = {
			isa = PBXGroup;
			children = (
				6B6CB95324F561D30089F3D1 /* Cells */,
				6B6CB94E24F55D1C0089F3D1 /* TableViews */,
				6B6EF52D24F33C24006F5D5F /* Buttons */,
				6B6EF52724F3074B006F5D5F /* TextFields */,
				6B6EF52224F30208006F5D5F /* Labels */,
			);
			path = CustomElements;
			sourceTree = "<group>";
		};
		6B6EF52224F30208006F5D5F /* Labels */ = {
			isa = PBXGroup;
			children = (
				6B6EF52324F3023D006F5D5F /* TALabel.swift */,
				6B6EF53024F33E8B006F5D5F /* TALabel2.swift */,
				6B6CB95C24F58DF50089F3D1 /* TACapitalLabel.swift */,
			);
			path = Labels;
			sourceTree = "<group>";
		};
		6B6EF52724F3074B006F5D5F /* TextFields */ = {
			isa = PBXGroup;
			children = (
				6B6EF52824F30762006F5D5F /* TATextField.swift */,
			);
			path = TextFields;
			sourceTree = "<group>";
		};
		6B6EF52A24F308AB006F5D5F /* EXTENSIONS */ = {
			isa = PBXGroup;
			children = (
				6B6EF52B24F308C4006F5D5F /* TextField_EXT.swift */,
				6B6CB94C24F518CD0089F3D1 /* NAvigationController_EXT.swift */,
			);
			path = EXTENSIONS;
			sourceTree = "<group>";
		};
		6B6EF52D24F33C24006F5D5F /* Buttons */ = {
			isa = PBXGroup;
			children = (
				6B6EF52E24F33C3B006F5D5F /* TAButton.swift */,
			);
			path = Buttons;
			sourceTree = "<group>";
		};
/* End PBXGroup section */

/* Begin PBXNativeTarget section */
		6B6EF50024F2F404006F5D5F /* test_exercise_1 */ = {
			isa = PBXNativeTarget;
			buildConfigurationList = 6B6EF51524F2F405006F5D5F /* Build configuration list for PBXNativeTarget "test_exercise_1" */;
			buildPhases = (
				6B6EF4FD24F2F404006F5D5F /* Sources */,
				6B6EF4FE24F2F404006F5D5F /* Frameworks */,
				6B6EF4FF24F2F404006F5D5F /* Resources */,
			);
			buildRules = (
			);
			dependencies = (
			);
			name = test_exercise_1;
			productName = test_exercise_1;
			productReference = 6B6EF50124F2F404006F5D5F /* test_exercise_1.app */;
			productType = "com.apple.product-type.application";
		};
/* End PBXNativeTarget section */

/* Begin PBXProject section */
		6B6EF4F924F2F404006F5D5F /* Project object */ = {
			isa = PBXProject;
			attributes = {
				LastSwiftUpdateCheck = 1160;
				LastUpgradeCheck = 1160;
				ORGANIZATIONNAME = "Richárd Hardi";
				TargetAttributes = {
					6B6EF50024F2F404006F5D5F = {
						CreatedOnToolsVersion = 11.6;
					};
				};
			};
			buildConfigurationList = 6B6EF4FC24F2F404006F5D5F /* Build configuration list for PBXProject "test_exercise_1" */;
			compatibilityVersion = "Xcode 9.3";
			developmentRegion = en;
			hasScannedForEncodings = 0;
			knownRegions = (
				en,
				Base,
			);
			mainGroup = 6B6EF4F824F2F404006F5D5F;
			productRefGroup = 6B6EF50224F2F404006F5D5F /* Products */;
			projectDirPath = "";
			projectRoot = "";
			targets = (
				6B6EF50024F2F404006F5D5F /* test_exercise_1 */,
			);
		};
/* End PBXProject section */

/* Begin PBXResourcesBuildPhase section */
		6B6EF4FF24F2F404006F5D5F /* Resources */ = {
			isa = PBXResourcesBuildPhase;
			buildActionMask = 2147483647;
			files = (
				6B6EF51124F2F405006F5D5F /* LaunchScreen.storyboard in Resources */,
				6B6EF50E24F2F405006F5D5F /* Assets.xcassets in Resources */,
			);
			runOnlyForDeploymentPostprocessing = 0;
		};
/* End PBXResourcesBuildPhase section */

/* Begin PBXSourcesBuildPhase section */
		6B6EF4FD24F2F404006F5D5F /* Sources */ = {
			isa = PBXSourcesBuildPhase;
			buildActionMask = 2147483647;
			files = (
				6B6EF53124F33E8B006F5D5F /* TALabel2.swift in Sources */,
				6B6EF52424F3023D006F5D5F /* TALabel.swift in Sources */,
				6B6CB95D24F58DF50089F3D1 /* TACapitalLabel.swift in Sources */,
				6B6EF52C24F308C4006F5D5F /* TextField_EXT.swift in Sources */,
				6B6CB95224F55D9D0089F3D1 /* TATableView.swift in Sources */,
				6B6EF52624F303EB006F5D5F /* FirstVC.swift in Sources */,
				6B6EF53324F42BAD006F5D5F /* SecondVC.swift in Sources */,
				6B6CB95724F56FA90089F3D1 /* TAHeaderCell.swift in Sources */,
				6B6EF52F24F33C3B006F5D5F /* TAButton.swift in Sources */,
				6B6EF50524F2F404006F5D5F /* AppDelegate.swift in Sources */,
				6B6EF50724F2F404006F5D5F /* SceneDelegate.swift in Sources */,
				6B6EF52924F30762006F5D5F /* TATextField.swift in Sources */,
				6B6CB95924F582080089F3D1 /* TACell.swift in Sources */,
				6B6CB94D24F518CD0089F3D1 /* NAvigationController_EXT.swift in Sources */,
				6B6CB95F24F5BAF10089F3D1 /* expandalbe.swift in Sources */,
			);
			runOnlyForDeploymentPostprocessing = 0;
		};
/* End PBXSourcesBuildPhase section */

/* Begin PBXVariantGroup section */
		6B6EF50F24F2F405006F5D5F /* LaunchScreen.storyboard */ = {
			isa = PBXVariantGroup;
			children = (
				6B6EF51024F2F405006F5D5F /* Base */,
			);
			name = LaunchScreen.storyboard;
			sourceTree = "<group>";
		};
/* End PBXVariantGroup section */

/* Begin XCBuildConfiguration section */
		6B6EF51324F2F405006F5D5F /* Debug */ = {
			isa = XCBuildConfiguration;
			buildSettings = {
				ALWAYS_SEARCH_USER_PATHS = NO;
				CLANG_ANALYZER_NONNULL = YES;
				CLANG_ANALYZER_NUMBER_OBJECT_CONVERSION = YES_AGGRESSIVE;
				CLANG_CXX_LANGUAGE_STANDARD = "gnu++14";
				CLANG_CXX_LIBRARY = "libc++";
				CLANG_ENABLE_MODULES = YES;
				CLANG_ENABLE_OBJC_ARC = YES;
				CLANG_ENABLE_OBJC_WEAK = YES;
				CLANG_WARN_BLOCK_CAPTURE_AUTORELEASING = YES;
				CLANG_WARN_BOOL_CONVERSION = YES;
				CLANG_WARN_COMMA = YES;
				CLANG_WARN_CONSTANT_CONVERSION = YES;
				CLANG_WARN_DEPRECATED_OBJC_IMPLEMENTATIONS = YES;
				CLANG_WARN_DIRECT_OBJC_ISA_USAGE = YES_ERROR;
				CLANG_WARN_DOCUMENTATION_COMMENTS = YES;
				CLANG_WARN_EMPTY_BODY = YES;
				CLANG_WARN_ENUM_CONVERSION = YES;
				CLANG_WARN_INFINITE_RECURSION = YES;
				CLANG_WARN_INT_CONVERSION = YES;
				CLANG_WARN_NON_LITERAL_NULL_CONVERSION = YES;
				CLANG_WARN_OBJC_IMPLICIT_RETAIN_SELF = YES;
				CLANG_WARN_OBJC_LITERAL_CONVERSION = YES;
				CLANG_WARN_OBJC_ROOT_CLASS = YES_ERROR;
				CLANG_WARN_RANGE_LOOP_ANALYSIS = YES;
				CLANG_WARN_STRICT_PROTOTYPES = YES;
				CLANG_WARN_SUSPICIOUS_MOVE = YES;
				CLANG_WARN_UNGUARDED_AVAILABILITY = YES_AGGRESSIVE;
				CLANG_WARN_UNREACHABLE_CODE = YES;
				CLANG_WARN__DUPLICATE_METHOD_MATCH = YES;
				COPY_PHASE_STRIP = NO;
				DEBUG_INFORMATION_FORMAT = dwarf;
				ENABLE_STRICT_OBJC_MSGSEND = YES;
				ENABLE_TESTABILITY = YES;
				GCC_C_LANGUAGE_STANDARD = gnu11;
				GCC_DYNAMIC_NO_PIC = NO;
				GCC_NO_COMMON_BLOCKS = YES;
				GCC_OPTIMIZATION_LEVEL = 0;
				GCC_PREPROCESSOR_DEFINITIONS = (
					"DEBUG=1",
					"$(inherited)",
				);
				GCC_WARN_64_TO_32_BIT_CONVERSION = YES;
				GCC_WARN_ABOUT_RETURN_TYPE = YES_ERROR;
				GCC_WARN_UNDECLARED_SELECTOR = YES;
				GCC_WARN_UNINITIALIZED_AUTOS = YES_AGGRESSIVE;
				GCC_WARN_UNUSED_FUNCTION = YES;
				GCC_WARN_UNUSED_VARIABLE = YES;
				IPHONEOS_DEPLOYMENT_TARGET = 13.6;
				MTL_ENABLE_DEBUG_INFO = INCLUDE_SOURCE;
				MTL_FAST_MATH = YES;
				ONLY_ACTIVE_ARCH = YES;
				SDKROOT = iphoneos;
				SWIFT_ACTIVE_COMPILATION_CONDITIONS = DEBUG;
				SWIFT_OPTIMIZATION_LEVEL = "-Onone";
			};
			name = Debug;
		};
		6B6EF51424F2F405006F5D5F /* Release */ = {
			isa = XCBuildConfiguration;
			buildSettings = {
				ALWAYS_SEARCH_USER_PATHS = NO;
				CLANG_ANALYZER_NONNULL = YES;
				CLANG_ANALYZER_NUMBER_OBJECT_CONVERSION = YES_AGGRESSIVE;
				CLANG_CXX_LANGUAGE_STANDARD = "gnu++14";
				CLANG_CXX_LIBRARY = "libc++";
				CLANG_ENABLE_MODULES = YES;
				CLANG_ENABLE_OBJC_ARC = YES;
				CLANG_ENABLE_OBJC_WEAK = YES;
				CLANG_WARN_BLOCK_CAPTURE_AUTORELEASING = YES;
				CLANG_WARN_BOOL_CONVERSION = YES;
				CLANG_WARN_COMMA = YES;
				CLANG_WARN_CONSTANT_CONVERSION = YES;
				CLANG_WARN_DEPRECATED_OBJC_IMPLEMENTATIONS = YES;
				CLANG_WARN_DIRECT_OBJC_ISA_USAGE = YES_ERROR;
				CLANG_WARN_DOCUMENTATION_COMMENTS = YES;
				CLANG_WARN_EMPTY_BODY = YES;
				CLANG_WARN_ENUM_CONVERSION = YES;
				CLANG_WARN_INFINITE_RECURSION = YES;
				CLANG_WARN_INT_CONVERSION = YES;
				CLANG_WARN_NON_LITERAL_NULL_CONVERSION = YES;
				CLANG_WARN_OBJC_IMPLICIT_RETAIN_SELF = YES;
				CLANG_WARN_OBJC_LITERAL_CONVERSION = YES;
				CLANG_WARN_OBJC_ROOT_CLASS = YES_ERROR;
				CLANG_WARN_RANGE_LOOP_ANALYSIS = YES;
				CLANG_WARN_STRICT_PROTOTYPES = YES;
				CLANG_WARN_SUSPICIOUS_MOVE = YES;
				CLANG_WARN_UNGUARDED_AVAILABILITY = YES_AGGRESSIVE;
				CLANG_WARN_UNREACHABLE_CODE = YES;
				CLANG_WARN__DUPLICATE_METHOD_MATCH = YES;
				COPY_PHASE_STRIP = NO;
				DEBUG_INFORMATION_FORMAT = "dwarf-with-dsym";
				ENABLE_NS_ASSERTIONS = NO;
				ENABLE_STRICT_OBJC_MSGSEND = YES;
				GCC_C_LANGUAGE_STANDARD = gnu11;
				GCC_NO_COMMON_BLOCKS = YES;
				GCC_WARN_64_TO_32_BIT_CONVERSION = YES;
				GCC_WARN_ABOUT_RETURN_TYPE = YES_ERROR;
				GCC_WARN_UNDECLARED_SELECTOR = YES;
				GCC_WARN_UNINITIALIZED_AUTOS = YES_AGGRESSIVE;
				GCC_WARN_UNUSED_FUNCTION = YES;
				GCC_WARN_UNUSED_VARIABLE = YES;
				IPHONEOS_DEPLOYMENT_TARGET = 13.6;
				MTL_ENABLE_DEBUG_INFO = NO;
				MTL_FAST_MATH = YES;
				SDKROOT = iphoneos;
				SWIFT_COMPILATION_MODE = wholemodule;
				SWIFT_OPTIMIZATION_LEVEL = "-O";
				VALIDATE_PRODUCT = YES;
			};
			name = Release;
		};
		6B6EF51624F2F405006F5D5F /* Debug */ = {
			isa = XCBuildConfiguration;
			buildSettings = {
				ASSETCATALOG_COMPILER_APPICON_NAME = AppIcon;
				CODE_SIGN_STYLE = Automatic;
				DEVELOPMENT_TEAM = ZD9N7Q67BW;
				INFOPLIST_FILE = test_exercise_1/Info.plist;
				LD_RUNPATH_SEARCH_PATHS = (
					"$(inherited)",
					"@executable_path/Frameworks",
				);
				PRODUCT_BUNDLE_IDENTIFIER = "com.richardhardi.test-exercise-1";
				PRODUCT_NAME = "$(TARGET_NAME)";
				SWIFT_VERSION = 5.0;
				TARGETED_DEVICE_FAMILY = "1,2";
			};
			name = Debug;
		};
		6B6EF51724F2F405006F5D5F /* Release */ = {
			isa = XCBuildConfiguration;
			buildSettings = {
				ASSETCATALOG_COMPILER_APPICON_NAME = AppIcon;
				CODE_SIGN_STYLE = Automatic;
				DEVELOPMENT_TEAM = ZD9N7Q67BW;
				INFOPLIST_FILE = test_exercise_1/Info.plist;
				LD_RUNPATH_SEARCH_PATHS = (
					"$(inherited)",
					"@executable_path/Frameworks",
				);
				PRODUCT_BUNDLE_IDENTIFIER = "com.richardhardi.test-exercise-1";
				PRODUCT_NAME = "$(TARGET_NAME)";
				SWIFT_VERSION = 5.0;
				TARGETED_DEVICE_FAMILY = "1,2";
			};
			name = Release;
		};
/* End XCBuildConfiguration section */

/* Begin XCConfigurationList section */
		6B6EF4FC24F2F404006F5D5F /* Build configuration list for PBXProject "test_exercise_1" */ = {
			isa = XCConfigurationList;
			buildConfigurations = (
				6B6EF51324F2F405006F5D5F /* Debug */,
				6B6EF51424F2F405006F5D5F /* Release */,
			);
			defaultConfigurationIsVisible = 0;
			defaultConfigurationName = Release;
		};
		6B6EF51524F2F405006F5D5F /* Build configuration list for PBXNativeTarget "test_exercise_1" */ = {
			isa = XCConfigurationList;
			buildConfigurations = (
				6B6EF51624F2F405006F5D5F /* Debug */,
				6B6EF51724F2F405006F5D5F /* Release */,
			);
			defaultConfigurationIsVisible = 0;
			defaultConfigurationName = Release;
		};
/* End XCConfigurationList section */
	};
	rootObject = 6B6EF4F924F2F404006F5D5F /* Project object */;
}
